
Microsoft Visual Studio Solution File, Format Version 12.00
# Visual Studio Version 17
VisualStudioVersion = 17.3.32901.215
MinimumVisualStudioVersion = 10.0.40219.1
Project("{FAE04EC0-301F-11D3-BF4B-00C04F79EFBC}") = "PL", "PL\PL.csproj", "{0F92499B-0F2C-4507-855B-31E29BCEAB50}"
EndProject
Project("{FAE04EC0-301F-11D3-BF4B-00C04F79EFBC}") = "ML", "ML\ML.csproj", "{38860A42-3B8E-4C9F-BE1B-80B211C06039}"
EndProject
Project("{FAE04EC0-301F-11D3-BF4B-00C04F79EFBC}") = "BL", "BL\BL.csproj", "{A2C8E34B-EA27-4D65-A2F2-0EEFC812C73D}"
EndProject
Project("{FAE04EC0-301F-11D3-BF4B-00C04F79EFBC}") = "DL", "DL\DL.csproj", "{FB1FBEF5-B78C-4D7E-9DD2-149099DDA78F}"
EndProject
Global
	GlobalSection(SolutionConfigurationPlatforms) = preSolution
		Debug|Any CPU = Debug|Any CPU
		Release|Any CPU = Release|Any CPU
	EndGlobalSection
	GlobalSection(ProjectConfigurationPlatforms) = postSolution
		{0F92499B-0F2C-4507-855B-31E29BCEAB50}.Debug|Any CPU.ActiveCfg = Debug|Any CPU
		{0F92499B-0F2C-4507-855B-31E29BCEAB50}.Debug|Any CPU.Build.0 = Debug|Any CPU
		{0F92499B-0F2C-4507-855B-31E29BCEAB50}.Release|Any CPU.ActiveCfg = Release|Any CPU
		{0F92499B-0F2C-4507-855B-31E29BCEAB50}.Release|Any CPU.Build.0 = Release|Any CPU
		{38860A42-3B8E-4C9F-BE1B-80B211C06039}.Debug|Any CPU.ActiveCfg = Debug|Any CPU
		{38860A42-3B8E-4C9F-BE1B-80B211C06039}.Debug|Any CPU.Build.0 = Debug|Any CPU
		{38860A42-3B8E-4C9F-BE1B-80B211C06039}.Release|Any CPU.ActiveCfg = Release|Any CPU
		{38860A42-3B8E-4C9F-BE1B-80B211C06039}.Release|Any CPU.Build.0 = Release|Any CPU
		{A2C8E34B-EA27-4D65-A2F2-0EEFC812C73D}.Debug|Any CPU.ActiveCfg = Debug|Any CPU
		{A2C8E34B-EA27-4D65-A2F2-0EEFC812C73D}.Debug|Any CPU.Build.0 = Debug|Any CPU
		{A2C8E34B-EA27-4D65-A2F2-0EEFC812C73D}.Release|Any CPU.ActiveCfg = Release|Any CPU
		{A2C8E34B-EA27-4D65-A2F2-0EEFC812C73D}.Release|Any CPU.Build.0 = Release|Any CPU
		{FB1FBEF5-B78C-4D7E-9DD2-149099DDA78F}.Debug|Any CPU.ActiveCfg = Debug|Any CPU
		{FB1FBEF5-B78C-4D7E-9DD2-149099DDA78F}.Debug|Any CPU.Build.0 = Debug|Any CPU
		{FB1FBEF5-B78C-4D7E-9DD2-149099DDA78F}.Release|Any CPU.ActiveCfg = Release|Any CPU
		{FB1FBEF5-B78C-4D7E-9DD2-149099DDA78F}.Release|Any CPU.Build.0 = Release|Any CPU
	EndGlobalSection
	GlobalSection(SolutionProperties) = preSolution
		HideSolutionNode = FALSE
	EndGlobalSection
	GlobalSection(ExtensibilityGlobals) = postSolution
		SolutionGuid = {19C8007F-D51F-4466-BDF2-7F638A2EE097}
	EndGlobalSection
EndGlobal
